
Microsoft Visual Studio Solution File, Format Version 12.00
# Visual Studio Version 17
VisualStudioVersion = 17.9.34622.214
MinimumVisualStudioVersion = 10.0.40219.1
Project("{FAE04EC0-301F-11D3-BF4B-00C04F79EFBC}") = "MyTrace", "MyTrace.csproj", "{A030AF44-5F27-42DF-B2A8-59717F70ACBF}"
EndProject
Global
	GlobalSection(SolutionConfigurationPlatforms) = preSolution
		Debug|Any CPU = Debug|Any CPU
		Release|Any CPU = Release|Any CPU
	EndGlobalSection
	GlobalSection(ProjectConfigurationPlatforms) = postSolution
		{A030AF44-5F27-42DF-B2A8-59717F70ACBF}.Debug|Any CPU.ActiveCfg = Debug|Any CPU
		{A030AF44-5F27-42DF-B2A8-59717F70ACBF}.Debug|Any CPU.Build.0 = Debug|Any CPU
		{A030AF44-5F27-42DF-B2A8-59717F70ACBF}.Debug|Any CPU.Deploy.0 = Debug|Any CPU
		{A030AF44-5F27-42DF-B2A8-59717F70ACBF}.Release|Any CPU.ActiveCfg = Release|Any CPU
		{A030AF44-5F27-42DF-B2A8-59717F70ACBF}.Release|Any CPU.Build.0 = Release|Any CPU
		{A030AF44-5F27-42DF-B2A8-59717F70ACBF}.Release|Any CPU.Deploy.0 = Release|Any CPU
	EndGlobalSection
	GlobalSection(SolutionProperties) = preSolution
		HideSolutionNode = FALSE
	EndGlobalSection
	GlobalSection(ExtensibilityGlobals) = postSolution
		SolutionGuid = {4F08EF70-BEDE-4EE0-86F5-920427B07AD6}
	EndGlobalSection
EndGlobal
